// !$*UTF8*$!
{
	archiveVersion = 1;
	classes = {
	};
	objectVersion = 56;
	objects = {

/* Begin PBXBuildFile section */
		200CDFB92BD0619000A3FC94 /* AppDelegate.swift in Sources */ = {isa = PBXBuildFile; fileRef = 200CDFB82BD0619000A3FC94 /* AppDelegate.swift */; };
		200CDFBB2BD0619000A3FC94 /* SceneDelegate.swift in Sources */ = {isa = PBXBuildFile; fileRef = 200CDFBA2BD0619000A3FC94 /* SceneDelegate.swift */; };
		200CDFBD2BD0619000A3FC94 /* SubjectSelectionViewController.swift in Sources */ = {isa = PBXBuildFile; fileRef = 200CDFBC2BD0619000A3FC94 /* SubjectSelectionViewController.swift */; };
		200CDFC02BD0619000A3FC94 /* Main.storyboard in Resources */ = {isa = PBXBuildFile; fileRef = 200CDFBE2BD0619000A3FC94 /* Main.storyboard */; };
		200CDFC22BD0619200A3FC94 /* Assets.xcassets in Resources */ = {isa = PBXBuildFile; fileRef = 200CDFC12BD0619200A3FC94 /* Assets.xcassets */; };
		200CDFC52BD0619200A3FC94 /* LaunchScreen.storyboard in Resources */ = {isa = PBXBuildFile; fileRef = 200CDFC32BD0619200A3FC94 /* LaunchScreen.storyboard */; };
		200CDFCE2BD06A2300A3FC94 /* SubjectCollectionViewCell.swift in Sources */ = {isa = PBXBuildFile; fileRef = 200CDFCC2BD06A2300A3FC94 /* SubjectCollectionViewCell.swift */; };
		200CDFCF2BD06A2300A3FC94 /* SubjectCollectionViewCell.xib in Resources */ = {isa = PBXBuildFile; fileRef = 200CDFCD2BD06A2300A3FC94 /* SubjectCollectionViewCell.xib */; };
		200CDFD62BD070F100A3FC94 /* Subject.swift in Sources */ = {isa = PBXBuildFile; fileRef = 200CDFD52BD070F100A3FC94 /* Subject.swift */; };
		208D10632BD096FC006AD054 /* TeacherProfileViewController.swift in Sources */ = {isa = PBXBuildFile; fileRef = 208D10622BD096FC006AD054 /* TeacherProfileViewController.swift */; };
		208D10662BD098B7006AD054 /* TeacherCollectionViewCell.swift in Sources */ = {isa = PBXBuildFile; fileRef = 208D10642BD098B7006AD054 /* TeacherCollectionViewCell.swift */; };
		208D10672BD098B7006AD054 /* TeacherCollectionViewCell.xib in Resources */ = {isa = PBXBuildFile; fileRef = 208D10652BD098B7006AD054 /* TeacherCollectionViewCell.xib */; };
		208D106B2BD09C74006AD054 /* teacherProfile.swift in Sources */ = {isa = PBXBuildFile; fileRef = 208D106A2BD09C74006AD054 /* teacherProfile.swift */; };
		208D106D2BD0BE11006AD054 /* PaymentViewController.swift in Sources */ = {isa = PBXBuildFile; fileRef = 208D106C2BD0BE11006AD054 /* PaymentViewController.swift */; };
		20B24E572BD0F7E6002C1EAE /* extensions.swift in Sources */ = {isa = PBXBuildFile; fileRef = 20B24E562BD0F7E6002C1EAE /* extensions.swift */; };
		20B24E592BD0F932002C1EAE /* SharedFuncs.swift in Sources */ = {isa = PBXBuildFile; fileRef = 20B24E582BD0F932002C1EAE /* SharedFuncs.swift */; };
		20BE4E7C2BD0F619006EE006 /* ProceedPaymentViewController.swift in Sources */ = {isa = PBXBuildFile; fileRef = 20BE4E7B2BD0F619006EE006 /* ProceedPaymentViewController.swift */; };
/* End PBXBuildFile section */

/* Begin PBXFileReference section */
		200CDFB52BD0619000A3FC94 /* task.app */ = {isa = PBXFileReference; explicitFileType = wrapper.application; includeInIndex = 0; path = task.app; sourceTree = BUILT_PRODUCTS_DIR; };
		200CDFB82BD0619000A3FC94 /* AppDelegate.swift */ = {isa = PBXFileReference; lastKnownFileType = sourcecode.swift; path = AppDelegate.swift; sourceTree = "<group>"; };
		200CDFBA2BD0619000A3FC94 /* SceneDelegate.swift */ = {isa = PBXFileReference; lastKnownFileType = sourcecode.swift; path = SceneDelegate.swift; sourceTree = "<group>"; };
		200CDFBC2BD0619000A3FC94 /* SubjectSelectionViewController.swift */ = {isa = PBXFileReference; lastKnownFileType = sourcecode.swift; path = SubjectSelectionViewController.swift; sourceTree = "<group>"; };
		200CDFBF2BD0619000A3FC94 /* Base */ = {isa = PBXFileReference; lastKnownFileType = file.storyboard; name = Base; path = Base.lproj/Main.storyboard; sourceTree = "<group>"; };
		200CDFC12BD0619200A3FC94 /* Assets.xcassets */ = {isa = PBXFileReference; lastKnownFileType = folder.assetcatalog; path = Assets.xcassets; sourceTree = "<group>"; };
		200CDFC42BD0619200A3FC94 /* Base */ = {isa = PBXFileReference; lastKnownFileType = file.storyboard; name = Base; path = Base.lproj/LaunchScreen.storyboard; sourceTree = "<group>"; };
		200CDFC62BD0619200A3FC94 /* Info.plist */ = {isa = PBXFileReference; lastKnownFileType = text.plist.xml; path = Info.plist; sourceTree = "<group>"; };
		200CDFCC2BD06A2300A3FC94 /* SubjectCollectionViewCell.swift */ = {isa = PBXFileReference; lastKnownFileType = sourcecode.swift; path = SubjectCollectionViewCell.swift; sourceTree = "<group>"; };
		200CDFCD2BD06A2300A3FC94 /* SubjectCollectionViewCell.xib */ = {isa = PBXFileReference; lastKnownFileType = file.xib; path = SubjectCollectionViewCell.xib; sourceTree = "<group>"; };
		200CDFD52BD070F100A3FC94 /* Subject.swift */ = {isa = PBXFileReference; lastKnownFileType = sourcecode.swift; path = Subject.swift; sourceTree = "<group>"; };
		208D10622BD096FC006AD054 /* TeacherProfileViewController.swift */ = {isa = PBXFileReference; lastKnownFileType = sourcecode.swift; path = TeacherProfileViewController.swift; sourceTree = "<group>"; };
		208D10642BD098B7006AD054 /* TeacherCollectionViewCell.swift */ = {isa = PBXFileReference; lastKnownFileType = sourcecode.swift; path = TeacherCollectionViewCell.swift; sourceTree = "<group>"; };
		208D10652BD098B7006AD054 /* TeacherCollectionViewCell.xib */ = {isa = PBXFileReference; lastKnownFileType = file.xib; path = TeacherCollectionViewCell.xib; sourceTree = "<group>"; };
		208D106A2BD09C74006AD054 /* teacherProfile.swift */ = {isa = PBXFileReference; lastKnownFileType = sourcecode.swift; path = teacherProfile.swift; sourceTree = "<group>"; };
		208D106C2BD0BE11006AD054 /* PaymentViewController.swift */ = {isa = PBXFileReference; lastKnownFileType = sourcecode.swift; path = PaymentViewController.swift; sourceTree = "<group>"; };
		20B24E562BD0F7E6002C1EAE /* extensions.swift */ = {isa = PBXFileReference; lastKnownFileType = sourcecode.swift; path = extensions.swift; sourceTree = "<group>"; };
		20B24E582BD0F932002C1EAE /* SharedFuncs.swift */ = {isa = PBXFileReference; lastKnownFileType = sourcecode.swift; path = SharedFuncs.swift; sourceTree = "<group>"; };
		20BE4E7B2BD0F619006EE006 /* ProceedPaymentViewController.swift */ = {isa = PBXFileReference; lastKnownFileType = sourcecode.swift; path = ProceedPaymentViewController.swift; sourceTree = "<group>"; };
/* End PBXFileReference section */

/* Begin PBXFrameworksBuildPhase section */
		200CDFB22BD0619000A3FC94 /* Frameworks */ = {
			isa = PBXFrameworksBuildPhase;
			buildActionMask = 2147483647;
			files = (
			);
			runOnlyForDeploymentPostprocessing = 0;
		};
/* End PBXFrameworksBuildPhase section */

/* Begin PBXGroup section */
		200CDFAC2BD0619000A3FC94 = {
			isa = PBXGroup;
			children = (
				200CDFB72BD0619000A3FC94 /* task */,
				200CDFB62BD0619000A3FC94 /* Products */,
			);
			sourceTree = "<group>";
		};
		200CDFB62BD0619000A3FC94 /* Products */ = {
			isa = PBXGroup;
			children = (
				200CDFB52BD0619000A3FC94 /* task.app */,
			);
			name = Products;
			sourceTree = "<group>";
		};
		200CDFB72BD0619000A3FC94 /* task */ = {
			isa = PBXGroup;
			children = (
				200CDFD42BD0707F00A3FC94 /* Resourses */,
				200CDFD22BD0706100A3FC94 /* App */,
				208D10692BD09C5D006AD054 /* Model */,
				200CDFD12BD0705500A3FC94 /* Controller */,
				200CDFD32BD0707500A3FC94 /* View */,
				200CDFC62BD0619200A3FC94 /* Info.plist */,
			);
			path = task;
			sourceTree = "<group>";
		};
		200CDFD02BD06A2800A3FC94 /* Subject Cell */ = {
			isa = PBXGroup;
			children = (
				200CDFCC2BD06A2300A3FC94 /* SubjectCollectionViewCell.swift */,
				200CDFCD2BD06A2300A3FC94 /* SubjectCollectionViewCell.xib */,
			);
			path = "Subject Cell";
			sourceTree = "<group>";
		};
		200CDFD12BD0705500A3FC94 /* Controller */ = {
			isa = PBXGroup;
			children = (
				200CDFBC2BD0619000A3FC94 /* SubjectSelectionViewController.swift */,
				208D10622BD096FC006AD054 /* TeacherProfileViewController.swift */,
				208D106C2BD0BE11006AD054 /* PaymentViewController.swift */,
				20BE4E7B2BD0F619006EE006 /* ProceedPaymentViewController.swift */,
			);
			path = Controller;
			sourceTree = "<group>";
		};
		200CDFD22BD0706100A3FC94 /* App */ = {
			isa = PBXGroup;
			children = (
				200CDFB82BD0619000A3FC94 /* AppDelegate.swift */,
				200CDFBA2BD0619000A3FC94 /* SceneDelegate.swift */,
			);
			path = App;
			sourceTree = "<group>";
		};
		200CDFD32BD0707500A3FC94 /* View */ = {
			isa = PBXGroup;
			children = (
				200CDFC32BD0619200A3FC94 /* LaunchScreen.storyboard */,
				200CDFBE2BD0619000A3FC94 /* Main.storyboard */,
				200CDFD02BD06A2800A3FC94 /* Subject Cell */,
				208D10682BD098BD006AD054 /* TeacherCell */,
			);
			path = View;
			sourceTree = "<group>";
		};
		200CDFD42BD0707F00A3FC94 /* Resourses */ = {
			isa = PBXGroup;
			children = (
				200CDFC12BD0619200A3FC94 /* Assets.xcassets */,
				20B24E562BD0F7E6002C1EAE /* extensions.swift */,
				20B24E582BD0F932002C1EAE /* SharedFuncs.swift */,
			);
			path = Resourses;
			sourceTree = "<group>";
		};
		208D10682BD098BD006AD054 /* TeacherCell */ = {
			isa = PBXGroup;
			children = (
				208D10642BD098B7006AD054 /* TeacherCollectionViewCell.swift */,
				208D10652BD098B7006AD054 /* TeacherCollectionViewCell.xib */,
			);
			path = TeacherCell;
			sourceTree = "<group>";
		};
		208D10692BD09C5D006AD054 /* Model */ = {
			isa = PBXGroup;
			children = (
				200CDFD52BD070F100A3FC94 /* Subject.swift */,
				208D106A2BD09C74006AD054 /* teacherProfile.swift */,
			);
			path = Model;
			sourceTree = "<group>";
		};
/* End PBXGroup section */

/* Begin PBXNativeTarget section */
		200CDFB42BD0619000A3FC94 /* task */ = {
			isa = PBXNativeTarget;
			buildConfigurationList = 200CDFC92BD0619200A3FC94 /* Build configuration list for PBXNativeTarget "task" */;
			buildPhases = (
				200CDFB12BD0619000A3FC94 /* Sources */,
				200CDFB22BD0619000A3FC94 /* Frameworks */,
				200CDFB32BD0619000A3FC94 /* Resources */,
			);
			buildRules = (
			);
			dependencies = (
			);
			name = task;
			productName = task;
			productReference = 200CDFB52BD0619000A3FC94 /* task.app */;
			productType = "com.apple.product-type.application";
		};
/* End PBXNativeTarget section */

/* Begin PBXProject section */
		200CDFAD2BD0619000A3FC94 /* Project object */ = {
			isa = PBXProject;
			attributes = {
				BuildIndependentTargetsInParallel = 1;
				LastSwiftUpdateCheck = 1500;
				LastUpgradeCheck = 1500;
				TargetAttributes = {
					200CDFB42BD0619000A3FC94 = {
						CreatedOnToolsVersion = 15.0.1;
					};
				};
			};
			buildConfigurationList = 200CDFB02BD0619000A3FC94 /* Build configuration list for PBXProject "task" */;
			compatibilityVersion = "Xcode 14.0";
			developmentRegion = en;
			hasScannedForEncodings = 0;
			knownRegions = (
				en,
				Base,
			);
			mainGroup = 200CDFAC2BD0619000A3FC94;
			productRefGroup = 200CDFB62BD0619000A3FC94 /* Products */;
			projectDirPath = "";
			projectRoot = "";
			targets = (
				200CDFB42BD0619000A3FC94 /* task */,
			);
		};
/* End PBXProject section */

/* Begin PBXResourcesBuildPhase section */
		200CDFB32BD0619000A3FC94 /* Resources */ = {
			isa = PBXResourcesBuildPhase;
			buildActionMask = 2147483647;
			files = (
				200CDFC52BD0619200A3FC94 /* LaunchScreen.storyboard in Resources */,
				200CDFCF2BD06A2300A3FC94 /* SubjectCollectionViewCell.xib in Resources */,
				200CDFC22BD0619200A3FC94 /* Assets.xcassets in Resources */,
				200CDFC02BD0619000A3FC94 /* Main.storyboard in Resources */,
				208D10672BD098B7006AD054 /* TeacherCollectionViewCell.xib in Resources */,
			);
			runOnlyForDeploymentPostprocessing = 0;
		};
/* End PBXResourcesBuildPhase section */

/* Begin PBXSourcesBuildPhase section */
		200CDFB12BD0619000A3FC94 /* Sources */ = {
			isa = PBXSourcesBuildPhase;
			buildActionMask = 2147483647;
			files = (
				208D10662BD098B7006AD054 /* TeacherCollectionViewCell.swift in Sources */,
				200CDFBD2BD0619000A3FC94 /* SubjectSelectionViewController.swift in Sources */,
				20BE4E7C2BD0F619006EE006 /* ProceedPaymentViewController.swift in Sources */,
				20B24E572BD0F7E6002C1EAE /* extensions.swift in Sources */,
				200CDFD62BD070F100A3FC94 /* Subject.swift in Sources */,
				200CDFCE2BD06A2300A3FC94 /* SubjectCollectionViewCell.swift in Sources */,
				20B24E592BD0F932002C1EAE /* SharedFuncs.swift in Sources */,
				208D106B2BD09C74006AD054 /* teacherProfile.swift in Sources */,
				200CDFB92BD0619000A3FC94 /* AppDelegate.swift in Sources */,
				200CDFBB2BD0619000A3FC94 /* SceneDelegate.swift in Sources */,
				208D106D2BD0BE11006AD054 /* PaymentViewController.swift in Sources */,
				208D10632BD096FC006AD054 /* TeacherProfileViewController.swift in Sources */,
			);
			runOnlyForDeploymentPostprocessing = 0;
		};
/* End PBXSourcesBuildPhase section */

/* Begin PBXVariantGroup section */
		200CDFBE2BD0619000A3FC94 /* Main.storyboard */ = {
			isa = PBXVariantGroup;
			children = (
				200CDFBF2BD0619000A3FC94 /* Base */,
			);
			name = Main.storyboard;
			sourceTree = "<group>";
		};
		200CDFC32BD0619200A3FC94 /* LaunchScreen.storyboard */ = {
			isa = PBXVariantGroup;
			children = (
				200CDFC42BD0619200A3FC94 /* Base */,
			);
			name = LaunchScreen.storyboard;
			sourceTree = "<group>";
		};
/* End PBXVariantGroup section */

/* Begin XCBuildConfiguration section */
		200CDFC72BD0619200A3FC94 /* Debug */ = {
			isa = XCBuildConfiguration;
			buildSettings = {
				ALWAYS_SEARCH_USER_PATHS = NO;
				ASSETCATALOG_COMPILER_GENERATE_SWIFT_ASSET_SYMBOL_EXTENSIONS = YES;
				CLANG_ANALYZER_NONNULL = YES;
				CLANG_ANALYZER_NUMBER_OBJECT_CONVERSION = YES_AGGRESSIVE;
				CLANG_CXX_LANGUAGE_STANDARD = "gnu++20";
				CLANG_ENABLE_MODULES = YES;
				CLANG_ENABLE_OBJC_ARC = YES;
				CLANG_ENABLE_OBJC_WEAK = YES;
				CLANG_WARN_BLOCK_CAPTURE_AUTORELEASING = YES;
				CLANG_WARN_BOOL_CONVERSION = YES;
				CLANG_WARN_COMMA = YES;
				CLANG_WARN_CONSTANT_CONVERSION = YES;
				CLANG_WARN_DEPRECATED_OBJC_IMPLEMENTATIONS = YES;
				CLANG_WARN_DIRECT_OBJC_ISA_USAGE = YES_ERROR;
				CLANG_WARN_DOCUMENTATION_COMMENTS = YES;
				CLANG_WARN_EMPTY_BODY = YES;
				CLANG_WARN_ENUM_CONVERSION = YES;
				CLANG_WARN_INFINITE_RECURSION = YES;
				CLANG_WARN_INT_CONVERSION = YES;
				CLANG_WARN_NON_LITERAL_NULL_CONVERSION = YES;
				CLANG_WARN_OBJC_IMPLICIT_RETAIN_SELF = YES;
				CLANG_WARN_OBJC_LITERAL_CONVERSION = YES;
				CLANG_WARN_OBJC_ROOT_CLASS = YES_ERROR;
				CLANG_WARN_QUOTED_INCLUDE_IN_FRAMEWORK_HEADER = YES;
				CLANG_WARN_RANGE_LOOP_ANALYSIS = YES;
				CLANG_WARN_STRICT_PROTOTYPES = YES;
				CLANG_WARN_SUSPICIOUS_MOVE = YES;
				CLANG_WARN_UNGUARDED_AVAILABILITY = YES_AGGRESSIVE;
				CLANG_WARN_UNREACHABLE_CODE = YES;
				CLANG_WARN__DUPLICATE_METHOD_MATCH = YES;
				COPY_PHASE_STRIP = NO;
				DEBUG_INFORMATION_FORMAT = dwarf;
				ENABLE_STRICT_OBJC_MSGSEND = YES;
				ENABLE_TESTABILITY = YES;
				ENABLE_USER_SCRIPT_SANDBOXING = YES;
				GCC_C_LANGUAGE_STANDARD = gnu17;
				GCC_DYNAMIC_NO_PIC = NO;
				GCC_NO_COMMON_BLOCKS = YES;
				GCC_OPTIMIZATION_LEVEL = 0;
				GCC_PREPROCESSOR_DEFINITIONS = (
					"DEBUG=1",
					"$(inherited)",
				);
				GCC_WARN_64_TO_32_BIT_CONVERSION = YES;
				GCC_WARN_ABOUT_RETURN_TYPE = YES_ERROR;
				GCC_WARN_UNDECLARED_SELECTOR = YES;
				GCC_WARN_UNINITIALIZED_AUTOS = YES_AGGRESSIVE;
				GCC_WARN_UNUSED_FUNCTION = YES;
				GCC_WARN_UNUSED_VARIABLE = YES;
				IPHONEOS_DEPLOYMENT_TARGET = 17.0;
				LOCALIZATION_PREFERS_STRING_CATALOGS = YES;
				MTL_ENABLE_DEBUG_INFO = INCLUDE_SOURCE;
				MTL_FAST_MATH = YES;
				ONLY_ACTIVE_ARCH = YES;
				SDKROOT = iphoneos;
				SWIFT_ACTIVE_COMPILATION_CONDITIONS = "DEBUG $(inherited)";
				SWIFT_OPTIMIZATION_LEVEL = "-Onone";
			};
			name = Debug;
		};
		200CDFC82BD0619200A3FC94 /* Release */ = {
			isa = XCBuildConfiguration;
			buildSettings = {
				ALWAYS_SEARCH_USER_PATHS = NO;
				ASSETCATALOG_COMPILER_GENERATE_SWIFT_ASSET_SYMBOL_EXTENSIONS = YES;
				CLANG_ANALYZER_NONNULL = YES;
				CLANG_ANALYZER_NUMBER_OBJECT_CONVERSION = YES_AGGRESSIVE;
				CLANG_CXX_LANGUAGE_STANDARD = "gnu++20";
				CLANG_ENABLE_MODULES = YES;
				CLANG_ENABLE_OBJC_ARC = YES;
				CLANG_ENABLE_OBJC_WEAK = YES;
				CLANG_WARN_BLOCK_CAPTURE_AUTORELEASING = YES;
				CLANG_WARN_BOOL_CONVERSION = YES;
				CLANG_WARN_COMMA = YES;
				CLANG_WARN_CONSTANT_CONVERSION = YES;
				CLANG_WARN_DEPRECATED_OBJC_IMPLEMENTATIONS = YES;
				CLANG_WARN_DIRECT_OBJC_ISA_USAGE = YES_ERROR;
				CLANG_WARN_DOCUMENTATION_COMMENTS = YES;
				CLANG_WARN_EMPTY_BODY = YES;
				CLANG_WARN_ENUM_CONVERSION = YES;
				CLANG_WARN_INFINITE_RECURSION = YES;
				CLANG_WARN_INT_CONVERSION = YES;
				CLANG_WARN_NON_LITERAL_NULL_CONVERSION = YES;
				CLANG_WARN_OBJC_IMPLICIT_RETAIN_SELF = YES;
				CLANG_WARN_OBJC_LITERAL_CONVERSION = YES;
				CLANG_WARN_OBJC_ROOT_CLASS = YES_ERROR;
				CLANG_WARN_QUOTED_INCLUDE_IN_FRAMEWORK_HEADER = YES;
				CLANG_WARN_RANGE_LOOP_ANALYSIS = YES;
				CLANG_WARN_STRICT_PROTOTYPES = YES;
				CLANG_WARN_SUSPICIOUS_MOVE = YES;
				CLANG_WARN_UNGUARDED_AVAILABILITY = YES_AGGRESSIVE;
				CLANG_WARN_UNREACHABLE_CODE = YES;
				CLANG_WARN__DUPLICATE_METHOD_MATCH = YES;
				COPY_PHASE_STRIP = NO;
				DEBUG_INFORMATION_FORMAT = "dwarf-with-dsym";
				ENABLE_NS_ASSERTIONS = NO;
				ENABLE_STRICT_OBJC_MSGSEND = YES;
				ENABLE_USER_SCRIPT_SANDBOXING = YES;
				GCC_C_LANGUAGE_STANDARD = gnu17;
				GCC_NO_COMMON_BLOCKS = YES;
				GCC_WARN_64_TO_32_BIT_CONVERSION = YES;
				GCC_WARN_ABOUT_RETURN_TYPE = YES_ERROR;
				GCC_WARN_UNDECLARED_SELECTOR = YES;
				GCC_WARN_UNINITIALIZED_AUTOS = YES_AGGRESSIVE;
				GCC_WARN_UNUSED_FUNCTION = YES;
				GCC_WARN_UNUSED_VARIABLE = YES;
				IPHONEOS_DEPLOYMENT_TARGET = 17.0;
				LOCALIZATION_PREFERS_STRING_CATALOGS = YES;
				MTL_ENABLE_DEBUG_INFO = NO;
				MTL_FAST_MATH = YES;
				SDKROOT = iphoneos;
				SWIFT_COMPILATION_MODE = wholemodule;
				VALIDATE_PRODUCT = YES;
			};
			name = Release;
		};
		200CDFCA2BD0619200A3FC94 /* Debug */ = {
			isa = XCBuildConfiguration;
			buildSettings = {
				ASSETCATALOG_COMPILER_APPICON_NAME = AppIcon;
				ASSETCATALOG_COMPILER_GLOBAL_ACCENT_COLOR_NAME = AccentColor;
				CODE_SIGN_STYLE = Automatic;
				CURRENT_PROJECT_VERSION = 1;
				DEVELOPMENT_TEAM = AKB2P78M7Z;
				GENERATE_INFOPLIST_FILE = YES;
				INFOPLIST_FILE = task/Info.plist;
				INFOPLIST_KEY_UIApplicationSupportsIndirectInputEvents = YES;
				INFOPLIST_KEY_UILaunchStoryboardName = LaunchScreen;
				INFOPLIST_KEY_UIMainStoryboardFile = Main;
				INFOPLIST_KEY_UISupportedInterfaceOrientations_iPad = "UIInterfaceOrientationPortrait UIInterfaceOrientationPortraitUpsideDown UIInterfaceOrientationLandscapeLeft UIInterfaceOrientationLandscapeRight";
				INFOPLIST_KEY_UISupportedInterfaceOrientations_iPhone = "UIInterfaceOrientationPortrait UIInterfaceOrientationLandscapeLeft UIInterfaceOrientationLandscapeRight";
				LD_RUNPATH_SEARCH_PATHS = (
					"$(inherited)",
					"@executable_path/Frameworks",
				);
				MARKETING_VERSION = 1.0;
				PRODUCT_BUNDLE_IDENTIFIER = ellashy.task;
				PRODUCT_NAME = "$(TARGET_NAME)";
				SWIFT_EMIT_LOC_STRINGS = YES;
				SWIFT_VERSION = 5.0;
				TARGETED_DEVICE_FAMILY = "1,2";
			};
			name = Debug;
		};
		200CDFCB2BD0619200A3FC94 /* Release */ = {
			isa = XCBuildConfiguration;
			buildSettings = {
				ASSETCATALOG_COMPILER_APPICON_NAME = AppIcon;
				ASSETCATALOG_COMPILER_GLOBAL_ACCENT_COLOR_NAME = AccentColor;
				CODE_SIGN_STYLE = Automatic;
				CURRENT_PROJECT_VERSION = 1;
				DEVELOPMENT_TEAM = AKB2P78M7Z;
				GENERATE_INFOPLIST_FILE = YES;
				INFOPLIST_FILE = task/Info.plist;
				INFOPLIST_KEY_UIApplicationSupportsIndirectInputEvents = YES;
				INFOPLIST_KEY_UILaunchStoryboardName = LaunchScreen;
				INFOPLIST_KEY_UIMainStoryboardFile = Main;
				INFOPLIST_KEY_UISupportedInterfaceOrientations_iPad = "UIInterfaceOrientationPortrait UIInterfaceOrientationPortraitUpsideDown UIInterfaceOrientationLandscapeLeft UIInterfaceOrientationLandscapeRight";
				INFOPLIST_KEY_UISupportedInterfaceOrientations_iPhone = "UIInterfaceOrientationPortrait UIInterfaceOrientationLandscapeLeft UIInterfaceOrientationLandscapeRight";
				LD_RUNPATH_SEARCH_PATHS = (
					"$(inherited)",
					"@executable_path/Frameworks",
				);
				MARKETING_VERSION = 1.0;
				PRODUCT_BUNDLE_IDENTIFIER = ellashy.task;
				PRODUCT_NAME = "$(TARGET_NAME)";
				SWIFT_EMIT_LOC_STRINGS = YES;
				SWIFT_VERSION = 5.0;
				TARGETED_DEVICE_FAMILY = "1,2";
			};
			name = Release;
		};
/* End XCBuildConfiguration section */

/* Begin XCConfigurationList section */
		200CDFB02BD0619000A3FC94 /* Build configuration list for PBXProject "task" */ = {
			isa = XCConfigurationList;
			buildConfigurations = (
				200CDFC72BD0619200A3FC94 /* Debug */,
				200CDFC82BD0619200A3FC94 /* Release */,
			);
			defaultConfigurationIsVisible = 0;
			defaultConfigurationName = Release;
		};
		200CDFC92BD0619200A3FC94 /* Build configuration list for PBXNativeTarget "task" */ = {
			isa = XCConfigurationList;
			buildConfigurations = (
				200CDFCA2BD0619200A3FC94 /* Debug */,
				200CDFCB2BD0619200A3FC94 /* Release */,
			);
			defaultConfigurationIsVisible = 0;
			defaultConfigurationName = Release;
		};
/* End XCConfigurationList section */
	};
	rootObject = 200CDFAD2BD0619000A3FC94 /* Project object */;
}
